
Microsoft Visual Studio Solution File, Format Version 12.00
# Visual Studio Version 16
VisualStudioVersion = 16.0.32126.315
MinimumVisualStudioVersion = 10.0.40219.1
Project("{FAE04EC0-301F-11D3-BF4B-00C04F79EFBC}") = "ConsoleApp3", "ConsoleApp3\ConsoleApp3.csproj", "{C6B3BA64-80C5-48F8-B032-4219DE59DE34}"
EndProject
Global
	GlobalSection(SolutionConfigurationPlatforms) = preSolution
		Debug|Any CPU = Debug|Any CPU
		Release|Any CPU = Release|Any CPU
	EndGlobalSection
	GlobalSection(ProjectConfigurationPlatforms) = postSolution
		{C6B3BA64-80C5-48F8-B032-4219DE59DE34}.Debug|Any CPU.ActiveCfg = Debug|Any CPU
		{C6B3BA64-80C5-48F8-B032-4219DE59DE34}.Debug|Any CPU.Build.0 = Debug|Any CPU
		{C6B3BA64-80C5-48F8-B032-4219DE59DE34}.Release|Any CPU.ActiveCfg = Release|Any CPU
		{C6B3BA64-80C5-48F8-B032-4219DE59DE34}.Release|Any CPU.Build.0 = Release|Any CPU
	EndGlobalSection
	GlobalSection(SolutionProperties) = preSolution
		HideSolutionNode = FALSE
	EndGlobalSection
	GlobalSection(ExtensibilityGlobals) = postSolution
		SolutionGuid = {2CC63619-45A2-4D91-B25B-22CCF593FDF9}
	EndGlobalSection
EndGlobal
